{
  "version": "5",
  "redirects": {
    "https://esm.sh/@supabase/node-fetch@^2.6.14?target=denonext": "https://esm.sh/@supabase/node-fetch@2.6.15?target=denonext",
    "https://esm.sh/@types/ws@~8.18.1/index.d.mts": "https://esm.sh/@types/ws@8.18.1/index.d.mts",
    "https://esm.sh/bufferutil@^4.0.1?target=denonext": "https://esm.sh/bufferutil@4.0.9?target=denonext",
    "https://esm.sh/node-gyp-build@^4.3.0?target=denonext": "https://esm.sh/node-gyp-build@4.8.4?target=denonext",
    "https://esm.sh/tr46@~0.0.3?target=denonext": "https://esm.sh/tr46@0.0.3?target=denonext",
    "https://esm.sh/utf-8-validate@%3E=5.0.2?target=denonext": "https://esm.sh/utf-8-validate@6.0.5?target=denonext",
    "https://esm.sh/webidl-conversions@^3.0.0?target=denonext": "https://esm.sh/webidl-conversions@3.0.1?target=denonext",
    "https://esm.sh/whatwg-url@^5.0.0?target=denonext": "https://esm.sh/whatwg-url@5.0.0?target=denonext",
    "https://esm.sh/ws@^8.18.0?target=denonext": "https://esm.sh/ws@8.19.0?target=denonext"
  },
  "remote": {
    "https://esm.sh/@supabase/auth-js@2.69.1/denonext/auth-js.mjs": "fb31c3925437753f5a8a90fc57ea24dc5b68b2b295e696123b1b6a635b7b3ada",
    "https://esm.sh/@supabase/functions-js@2.4.4/denonext/functions-js.mjs": "7adeb257410ef3c4a8a1eb9b4ff416c0075d1c32860ca04913c8a9dace1de6a6",
    "https://esm.sh/@supabase/node-fetch@2.6.15/denonext/node-fetch.mjs": "0bae9052231f4f6dbccc7234d05ea96923dbf967be12f402764580b6bf9f713d",
    "https://esm.sh/@supabase/node-fetch@2.6.15?target=denonext": "4d28c4ad97328403184353f68434f2b6973971507919e9150297413664919cf3",
    "https://esm.sh/@supabase/postgrest-js@1.19.4/denonext/postgrest-js.mjs": "2073b5552ba10c7a8302bffffae771e3aede1daf833382355dae239fb0ab2576",
    "https://esm.sh/@supabase/realtime-js@2.11.2/denonext/realtime-js.mjs": "c33ac375b6be89c893f9df844d2525a4ace015a35aa6ba236270d00c6605c7ba",
    "https://esm.sh/@supabase/storage-js@2.7.1/denonext/storage-js.mjs": "73ac8cdc95cfcd794fe603dbd7ce06d539ab51538ae6467eabe0f9cc26c993aa",
    "https://esm.sh/@supabase/supabase-js@2.49.4": "d52c4d06946766d328fdd0ac2e007f52bb6d2ef7ce6103ad9f0f57d92b73e978",
    "https://esm.sh/@supabase/supabase-js@2.49.4/denonext/supabase-js.mjs": "8c664dda021a5abc7c0b1f49d89d5886a7f9c63c9d365eb3764e1e27440bd781",
    "https://esm.sh/bufferutil@4.0.9/denonext/bufferutil.mjs": "13dca4d5bb2c68cbe119f880fa3bd785b9a81a8e02e0834dae604b4b85295cd8",
    "https://esm.sh/bufferutil@4.0.9?target=denonext": "e32574569ab438facfcc3f412c659b0719bbf05477136ca176938c9a3ac45125",
    "https://esm.sh/node-gyp-build@4.8.4/denonext/node-gyp-build.mjs": "9a86f2d044fc77bd60aaa3d697c2ba1b818da5fb1b9aaeedec59a40b8e908803",
    "https://esm.sh/node-gyp-build@4.8.4?target=denonext": "261a6cedf1fdbf159798141ba1e2311ac1510682c5c8b55dacc8cf5fdee4aa06",
    "https://esm.sh/openai@4.86.2": "bdd95c34199692fabd18b616e9730a3b581d0a954017128a6a9431f82a5cdef6",
    "https://esm.sh/openai@4.86.2/denonext/_shims/MultipartBody.mjs": "d0572483954314843e46d50d558bbbc47349fd921c746a2a06f886f73be84cc7",
    "https://esm.sh/openai@4.86.2/denonext/_shims/auto/runtime.mjs": "07700f0f4592963c5a204e7f25e5ee9d8576de06f0fbb6654c3dee2403c3ce59",
    "https://esm.sh/openai@4.86.2/denonext/_shims/index.mjs": "62229986746ff4aec8ca5567cf6ee7dfaea11564dd6288362e87277dc02325a5",
    "https://esm.sh/openai@4.86.2/denonext/_shims/registry.mjs": "af368b05db11f4a25bf63b1c077e002d01a54f8499afb26b773e689169224cec",
    "https://esm.sh/openai@4.86.2/denonext/_shims/web-runtime.mjs": "df0859015e3a9a925ae054c1cef4e8ea3bb295afe73e065419239487a14e79f4",
    "https://esm.sh/openai@4.86.2/denonext/_vendor/partial-json-parser/parser.mjs": "59649b908a4171137d2fbf9b137d721214316cb5d91b3340bd668ebb8f6d6e53",
    "https://esm.sh/openai@4.86.2/denonext/core.mjs": "5fcc9ed6c123833961b5ca2a9ad2e92d5d93cb8e1b22682f4e888649c7174a5e",
    "https://esm.sh/openai@4.86.2/denonext/error.mjs": "2e1bf5c4fe75c62506b0dc0cf853cd86c82daff15ccc1af7566acc99d57384de",
    "https://esm.sh/openai@4.86.2/denonext/internal/decoders/line.mjs": "3f2408ad104ddf2103942b75a08749663f52ea09b55c075f53e0b98ef3896603",
    "https://esm.sh/openai@4.86.2/denonext/internal/qs/formats.mjs": "20a7a09b3525ffd1207f3b91e35a116fd161d15d34818db8925603fc9a132814",
    "https://esm.sh/openai@4.86.2/denonext/internal/qs/index.mjs": "f143ab51da32a1cfde19f430791241613518b7fe681eca9344d7cbe378f2bfe5",
    "https://esm.sh/openai@4.86.2/denonext/internal/qs/stringify.mjs": "436d7725849a585dc99916e14688930d69363ccde46793336f44127d9670ebab",
    "https://esm.sh/openai@4.86.2/denonext/internal/qs/utils.mjs": "b28902944c662584d13bc2977e85383c782e019604d349a7c98ba0cfe0d090d0",
    "https://esm.sh/openai@4.86.2/denonext/internal/stream-utils.mjs": "44c544a5ad46d28744897b7c90ee36ffb4cbb052eec90d6ca05cc7a5985e0b84",
    "https://esm.sh/openai@4.86.2/denonext/lib/AbstractChatCompletionRunner.mjs": "1c29bdfdf4999ce3cf5cc61f835360515d3c4417b98019f6f537bc618bbf3cc1",
    "https://esm.sh/openai@4.86.2/denonext/lib/AssistantStream.mjs": "33caf0e17f36d7ad7acfa8a1b330c2f90fcd5db56921db053ec352b5ff29fdca",
    "https://esm.sh/openai@4.86.2/denonext/lib/ChatCompletionRunner.mjs": "9be35e6adeacd553e043a35468d3e8bc7fd9286fc46a7fa81fb256dcf50e94a2",
    "https://esm.sh/openai@4.86.2/denonext/lib/ChatCompletionStream.mjs": "e0bcb649ace90187d706ae6b37e23102bf005f57970cfe3c7178507e2bc60809",
    "https://esm.sh/openai@4.86.2/denonext/lib/ChatCompletionStreamingRunner.mjs": "d20a0327030c8340f01ee1955e23560be983cf1e367bc4914dad6c72b7cb602f",
    "https://esm.sh/openai@4.86.2/denonext/lib/EventStream.mjs": "4a0c21b5f45b147b4dfc100beeda9e93bb13da2099f691935a1d3ac463408c43",
    "https://esm.sh/openai@4.86.2/denonext/lib/RunnableFunction.mjs": "f150fdba8af8bd4ef860ecee4e93280d81ba3e92208b658700ac4db9dfd0eaa8",
    "https://esm.sh/openai@4.86.2/denonext/lib/Util.mjs": "30c653b0f76d7e10895f4708c7458121eb8b76806881538ea8da9e5fffc81570",
    "https://esm.sh/openai@4.86.2/denonext/lib/chatCompletionUtils.mjs": "9a2383fbe87e62bcea1f2298a97f57a776e3f093261c5d1d476103a0d23c2a6b",
    "https://esm.sh/openai@4.86.2/denonext/lib/parser.mjs": "b0b5b4321ce439207fc0e5b3fa596a807967cbc503d26684a295726156c6f38c",
    "https://esm.sh/openai@4.86.2/denonext/openai.mjs": "cef55f12336f4288280ca311f996cfdb8382d3437b3d11b2f7b8b14a46e40b4b",
    "https://esm.sh/openai@4.86.2/denonext/pagination.mjs": "a73a120faa3ca83775c944be3d5d27e290ab6530bd1bdf713ade8518a128dfaa",
    "https://esm.sh/openai@4.86.2/denonext/resource.mjs": "a07c5526b258bfcc130a749a8fc353ac3477a806bea29d24e6ca2275bee750ca",
    "https://esm.sh/openai@4.86.2/denonext/resources/audio/audio.mjs": "23541b1cdb0e41044bebbc9a4e8eaf5f28ea1f600bed087b7cb7387ede5a03e4",
    "https://esm.sh/openai@4.86.2/denonext/resources/audio/speech.mjs": "1d4cd48476409fd6e8315dc781b6cd567da45e1ca5bca66226635e8ae62413e4",
    "https://esm.sh/openai@4.86.2/denonext/resources/audio/transcriptions.mjs": "5b9d50df2b7a162e2b91e997bfc2e8bd3fbe0467cf27ca0ef848207fbaedf53a",
    "https://esm.sh/openai@4.86.2/denonext/resources/audio/translations.mjs": "68b7c97bc1fedeb7d0fc49fa96d56b5a45ecd459e566130c67b3006dbe10f286",
    "https://esm.sh/openai@4.86.2/denonext/resources/batches.mjs": "193f4c26ea6b8671935ac2c6ab55769de257449ba5be81effd6c84c431e8d707",
    "https://esm.sh/openai@4.86.2/denonext/resources/beta/assistants.mjs": "16f572f2f85a27d65ce3ac863543becaaf6a03619eef2b08f974dc18f5959ad4",
    "https://esm.sh/openai@4.86.2/denonext/resources/beta/beta.mjs": "e72150662fd1f2742bb3d0d8c718250776d9d01ac07ebe30a8c2b78e737c95d6",
    "https://esm.sh/openai@4.86.2/denonext/resources/beta/chat/chat.mjs": "46300ddfb9a28762977b3ac7a7cc78fd4893b1fab680ffa0ae915529be5ff4ef",
    "https://esm.sh/openai@4.86.2/denonext/resources/beta/chat/completions.mjs": "c330166bc97f7d1b464fafde629960c9e1be5589049639dbf7d766e5b0010ca7",
    "https://esm.sh/openai@4.86.2/denonext/resources/beta/realtime/realtime.mjs": "fb21e2b9aaacfd695ab95281866cfb3c19d117e8f34e79cb69f9f7e812a6bb23",
    "https://esm.sh/openai@4.86.2/denonext/resources/beta/realtime/sessions.mjs": "8098eee1ca5c58b27c291681af2bd1a4a83601b6cb1a5fed25bd1719be4b25f8",
    "https://esm.sh/openai@4.86.2/denonext/resources/beta/threads/messages.mjs": "c9927e230cf49c586db72b540639fa43a560bdef87974a2411e6726adca2b138",
    "https://esm.sh/openai@4.86.2/denonext/resources/beta/threads/runs/runs.mjs": "e63ebb7c219c1b9d8c3cd3845e805e29e7d1de1b495a010c594baad0ef315885",
    "https://esm.sh/openai@4.86.2/denonext/resources/beta/threads/runs/steps.mjs": "8e032949c6841e161874f84d851352b409988fce8cc2cffb4c49e71d500c233f",
    "https://esm.sh/openai@4.86.2/denonext/resources/beta/threads/threads.mjs": "b13f3a26f6984680fa83c831b768797799b9ea8b57eba6978a9540f4bb6b0fc8",
    "https://esm.sh/openai@4.86.2/denonext/resources/beta/vector-stores/file-batches.mjs": "63a11306be65361323b8875130fde0dd54dc63635d24718382becb225b8c4ca8",
    "https://esm.sh/openai@4.86.2/denonext/resources/beta/vector-stores/files.mjs": "8e996527a9601402479c969fd248e93d32208154c5cb743b65bfeec86f9de79f",
    "https://esm.sh/openai@4.86.2/denonext/resources/beta/vector-stores/vector-stores.mjs": "697798420941874b81a7d6604cd957caf8cd48ef4365e18a220c5e1c2d4ea4d7",
    "https://esm.sh/openai@4.86.2/denonext/resources/chat/chat.mjs": "4705bfe78af28372ebfd144eeef3fd201376e04cc2ebf98127c655050bb9fae7",
    "https://esm.sh/openai@4.86.2/denonext/resources/chat/completions/completions.mjs": "4ebee2a1f834f148efe3ba92aee94bf6c3b8ff92ef930044345b070eb759aed1",
    "https://esm.sh/openai@4.86.2/denonext/resources/chat/completions/index.mjs": "01960a3a86aa8e763dd99d5e3bbf4a3dd7904b9e2c338717ab693f30f77ce3e1",
    "https://esm.sh/openai@4.86.2/denonext/resources/chat/completions/messages.mjs": "6800034d3d1eb1f7779888ce603fa9a8d9985351e41a56c7b102be8fadf44724",
    "https://esm.sh/openai@4.86.2/denonext/resources/chat/index.mjs": "a1d57e0b9b2cb20d63c20bff0c1b9fef1571e59bca0bd7dc21045e14e1ffc7dd",
    "https://esm.sh/openai@4.86.2/denonext/resources/completions.mjs": "195aa464c35ab8c66ae51f06d589c84872d0e9eb87f6d0e7893cfb0f4d28dbe2",
    "https://esm.sh/openai@4.86.2/denonext/resources/embeddings.mjs": "bc38ed350f7fcb0165b0e3a53c018443ac88bf9fe5e73a2ec0048f6538d55169",
    "https://esm.sh/openai@4.86.2/denonext/resources/files.mjs": "3dbb9717a339e791f3929acb4cf753ab36313e15efd61f933d72fee5a92601c4",
    "https://esm.sh/openai@4.86.2/denonext/resources/fine-tuning/fine-tuning.mjs": "14c8aae257e5a255d045e33d3245a6ee92afe806a65e934dd99b0bf5d0687f5e",
    "https://esm.sh/openai@4.86.2/denonext/resources/fine-tuning/jobs/checkpoints.mjs": "77c6e3d550c064b64fc2ce23f4a2f1815c18a88f36b8ce677a304c492f501c49",
    "https://esm.sh/openai@4.86.2/denonext/resources/fine-tuning/jobs/jobs.mjs": "4462a751e3e9950168dceff469b278d6d9929e4326c7f005668a1b58df2239b2",
    "https://esm.sh/openai@4.86.2/denonext/resources/images.mjs": "5edab88dac6be361864de78f043f76afc74c78e129c8c340bcfe0122a87f3510",
    "https://esm.sh/openai@4.86.2/denonext/resources/index.mjs": "db135d29b19aea8f2cbf6dc258be957ce6b012700c466588a607ac299451abc1",
    "https://esm.sh/openai@4.86.2/denonext/resources/models.mjs": "e6a3ea633cc1c97e64440aebcceaa3b2b11eb204636caf6482b90bb7ecf78dc6",
    "https://esm.sh/openai@4.86.2/denonext/resources/moderations.mjs": "384f6336a12dbd1fdd62ccbac406e0c4d9ebf5569f15aa3944d5f3fdfaa9680d",
    "https://esm.sh/openai@4.86.2/denonext/resources/shared.mjs": "4d2a0de1ed235fcb7c961283688f5dc2524e5305a1b3883a36ced9a9442ac96d",
    "https://esm.sh/openai@4.86.2/denonext/resources/uploads/parts.mjs": "e991233ec49b2884c558c7de42eacfb71a0fd3c21243404cbae70ab80dda8f1a",
    "https://esm.sh/openai@4.86.2/denonext/resources/uploads/uploads.mjs": "c2d7ef64c757de2654c05b9fe6cfe064c03517c0c88e7f3485dd2ab6ac7be710",
    "https://esm.sh/openai@4.86.2/denonext/streaming.mjs": "c7a77c3980bfc4540814020b50abd4b426c4feee70aa999ef2781797a5376d6b",
    "https://esm.sh/openai@4.86.2/denonext/uploads.mjs": "5ad66ac911865336bae2328963f170f044648a91fbcef52fccb089713c7ea9e9",
    "https://esm.sh/openai@4.86.2/denonext/version.mjs": "a38798d915ff6ec437b0100beaf52a82d2aaea06e2292e64ba9a7431f70d1bb0",
    "https://esm.sh/tr46@0.0.3/denonext/tr46.mjs": "5753ec0a99414f4055f0c1f97691100f13d88e48a8443b00aebb90a512785fa2",
    "https://esm.sh/tr46@0.0.3?target=denonext": "19cb9be0f0d418a0c3abb81f2df31f080e9540a04e43b0f699bce1149cba0cbb",
    "https://esm.sh/utf-8-validate@6.0.5/denonext/utf-8-validate.mjs": "66b8ea532a0c745068f5b96ddb1bae332c3036703243541d2e89e66331974d98",
    "https://esm.sh/utf-8-validate@6.0.5?target=denonext": "071bc33ba1a58297e23a34d69dd589fd06df04b0f373b382ff5da544a623f271",
    "https://esm.sh/webidl-conversions@3.0.1/denonext/webidl-conversions.mjs": "54b5c2d50a294853c4ccebf9d5ed8988c94f4e24e463d84ec859a866ea5fafec",
    "https://esm.sh/webidl-conversions@3.0.1?target=denonext": "4e20318d50528084616c79d7b3f6e7f0fe7b6d09013bd01b3974d7448d767e29",
    "https://esm.sh/whatwg-url@5.0.0/denonext/whatwg-url.mjs": "29b16d74ee72624c915745bbd25b617cfd2248c6af0f5120d131e232a9a9af79",
    "https://esm.sh/whatwg-url@5.0.0?target=denonext": "f001a2cadf81312d214ca330033f474e74d81a003e21e8c5d70a1f46dc97b02d",
    "https://esm.sh/ws@8.19.0/denonext/ws.mjs": "20159ebe457a6c0fdf9a80f10ab7cb73d0d7359e507c714f65eb9eadcc6ab9b2",
    "https://esm.sh/ws@8.19.0?target=denonext": "5754cf6636f02a4d1d3d9aaa9ebca9f6c08c121d3b3f0935dc2936b7a14c9453"
  },
  "workspace": {
    "packageJson": {
      "dependencies": [
        "npm:@base-ui/react@^1.2.0",
        "npm:@fontsource-variable/geist@^5.2.8",
        "npm:@hookform/resolvers@^3.9.1",
        "npm:@radix-ui/react-dialog@^1.1.4",
        "npm:@radix-ui/react-label@^2.1.1",
        "npm:@radix-ui/react-select@^2.1.4",
        "npm:@radix-ui/react-slot@^1.1.1",
        "npm:@radix-ui/react-tabs@^1.1.2",
        "npm:@supabase/supabase-js@^2.99.1",
        "npm:@tanstack/react-table@^8.20.6",
        "npm:@tanstack/react-virtual@^3.11.2",
        "npm:@types/react-dom@^18.3.5",
        "npm:@types/react@^18.3.18",
        "npm:@vitejs/plugin-react@^4.3.4",
        "npm:autoprefixer@^10.4.20",
        "npm:class-variance-authority@~0.7.1",
        "npm:clsx@^2.1.1",
        "npm:lucide-react@0.468",
        "npm:pinyin-pro@^3.28.0",
        "npm:postcss@^8.4.49",
        "npm:react-dom@^18.3.1",
        "npm:react-hook-form@^7.54.2",
        "npm:react-router-dom@^7.13.1",
        "npm:react@^18.3.1",
        "npm:shadcn@^4.0.2",
        "npm:supabase@^2.78.1",
        "npm:tailwind-merge@^2.6.1",
        "npm:tailwindcss@^3.4.17",
        "npm:tw-animate-css@^1.4.0",
        "npm:typescript@^5.7.3",
        "npm:vite@^6.0.7",
        "npm:zod@^3.24.1"
      ]
    }
  }
}
